
Microsoft Visual Studio Solution File, Format Version 12.00
# Visual Studio Version 17
VisualStudioVersion = 17.8.34316.72
MinimumVisualStudioVersion = 10.0.40219.1
Project("{2150E333-8FDC-42A3-9474-1A3956D46DE8}") = "src", "src", "{BC7CC3DD-D397-484C-80AD-D220DA2A26AA}"
EndProject
Project("{2150E333-8FDC-42A3-9474-1A3956D46DE8}") = "test", "test", "{F901251B-06CA-40F5-8F17-6E2BDBC82082}"
EndProject
Project("{9A19103F-16F7-4668-BE54-9A1E7A4F7556}") = "Nito.Comparers.Linq", "src\Nito.Comparers.Linq\Nito.Comparers.Linq.csproj", "{838AB69B-F21C-4FC1-B5D2-1B8202865EE0}"
EndProject
Project("{9A19103F-16F7-4668-BE54-9A1E7A4F7556}") = "UnitTests", "test\UnitTests\UnitTests.csproj", "{CB8B8D2F-9FBA-4EEA-ABF7-63F2300987D7}"
EndProject
Project("{9A19103F-16F7-4668-BE54-9A1E7A4F7556}") = "Nito.Comparers.Core", "src\Nito.Comparers.Core\Nito.Comparers.Core.csproj", "{A59E8416-844C-4489-9761-3A5F0BDD6A46}"
EndProject
Project("{9A19103F-16F7-4668-BE54-9A1E7A4F7556}") = "Linq.UnitTests", "test\Linq.UnitTests\Linq.UnitTests.csproj", "{710E0022-B4F7-44AD-B160-6A0FD1630B02}"
EndProject
Project("{2150E333-8FDC-42A3-9474-1A3956D46DE8}") = "metapackages", "metapackages", "{587831A7-8DD8-4404-9BDC-F04B7CBF1F30}"
EndProject
Project("{9A19103F-16F7-4668-BE54-9A1E7A4F7556}") = "Nito.Comparers", "src\Nito.Comparers\Nito.Comparers.csproj", "{B41E8870-D364-43A0-A980-4C6B784B59EA}"
EndProject
Project("{9A19103F-16F7-4668-BE54-9A1E7A4F7556}") = "Comparers", "src\Comparers\Comparers.csproj", "{E478BC39-BF61-4E3F-9112-02F7FD95EC88}"
EndProject
Global
	GlobalSection(SolutionConfigurationPlatforms) = preSolution
		Debug|Any CPU = Debug|Any CPU
		Release|Any CPU = Release|Any CPU
	EndGlobalSection
	GlobalSection(ProjectConfigurationPlatforms) = postSolution
		{838AB69B-F21C-4FC1-B5D2-1B8202865EE0}.Debug|Any CPU.ActiveCfg = Debug|Any CPU
		{838AB69B-F21C-4FC1-B5D2-1B8202865EE0}.Debug|Any CPU.Build.0 = Debug|Any CPU
		{838AB69B-F21C-4FC1-B5D2-1B8202865EE0}.Release|Any CPU.ActiveCfg = Release|Any CPU
		{838AB69B-F21C-4FC1-B5D2-1B8202865EE0}.Release|Any CPU.Build.0 = Release|Any CPU
		{CB8B8D2F-9FBA-4EEA-ABF7-63F2300987D7}.Debug|Any CPU.ActiveCfg = Debug|Any CPU
		{CB8B8D2F-9FBA-4EEA-ABF7-63F2300987D7}.Debug|Any CPU.Build.0 = Debug|Any CPU
		{CB8B8D2F-9FBA-4EEA-ABF7-63F2300987D7}.Release|Any CPU.ActiveCfg = Release|Any CPU
		{CB8B8D2F-9FBA-4EEA-ABF7-63F2300987D7}.Release|Any CPU.Build.0 = Release|Any CPU
		{A59E8416-844C-4489-9761-3A5F0BDD6A46}.Debug|Any CPU.ActiveCfg = Debug|Any CPU
		{A59E8416-844C-4489-9761-3A5F0BDD6A46}.Debug|Any CPU.Build.0 = Debug|Any CPU
		{A59E8416-844C-4489-9761-3A5F0BDD6A46}.Release|Any CPU.ActiveCfg = Release|Any CPU
		{A59E8416-844C-4489-9761-3A5F0BDD6A46}.Release|Any CPU.Build.0 = Release|Any CPU
		{710E0022-B4F7-44AD-B160-6A0FD1630B02}.Debug|Any CPU.ActiveCfg = Debug|Any CPU
		{710E0022-B4F7-44AD-B160-6A0FD1630B02}.Debug|Any CPU.Build.0 = Debug|Any CPU
		{710E0022-B4F7-44AD-B160-6A0FD1630B02}.Release|Any CPU.ActiveCfg = Release|Any CPU
		{710E0022-B4F7-44AD-B160-6A0FD1630B02}.Release|Any CPU.Build.0 = Release|Any CPU
		{B41E8870-D364-43A0-A980-4C6B784B59EA}.Debug|Any CPU.ActiveCfg = Debug|Any CPU
		{B41E8870-D364-43A0-A980-4C6B784B59EA}.Debug|Any CPU.Build.0 = Debug|Any CPU
		{B41E8870-D364-43A0-A980-4C6B784B59EA}.Release|Any CPU.ActiveCfg = Release|Any CPU
		{B41E8870-D364-43A0-A980-4C6B784B59EA}.Release|Any CPU.Build.0 = Release|Any CPU
		{E478BC39-BF61-4E3F-9112-02F7FD95EC88}.Debug|Any CPU.ActiveCfg = Debug|Any CPU
		{E478BC39-BF61-4E3F-9112-02F7FD95EC88}.Debug|Any CPU.Build.0 = Debug|Any CPU
		{E478BC39-BF61-4E3F-9112-02F7FD95EC88}.Release|Any CPU.ActiveCfg = Release|Any CPU
		{E478BC39-BF61-4E3F-9112-02F7FD95EC88}.Release|Any CPU.Build.0 = Release|Any CPU
	EndGlobalSection
	GlobalSection(SolutionProperties) = preSolution
		HideSolutionNode = FALSE
	EndGlobalSection
	GlobalSection(NestedProjects) = preSolution
		{838AB69B-F21C-4FC1-B5D2-1B8202865EE0} = {BC7CC3DD-D397-484C-80AD-D220DA2A26AA}
		{CB8B8D2F-9FBA-4EEA-ABF7-63F2300987D7} = {F901251B-06CA-40F5-8F17-6E2BDBC82082}
		{A59E8416-844C-4489-9761-3A5F0BDD6A46} = {BC7CC3DD-D397-484C-80AD-D220DA2A26AA}
		{710E0022-B4F7-44AD-B160-6A0FD1630B02} = {F901251B-06CA-40F5-8F17-6E2BDBC82082}
		{B41E8870-D364-43A0-A980-4C6B784B59EA} = {587831A7-8DD8-4404-9BDC-F04B7CBF1F30}
		{E478BC39-BF61-4E3F-9112-02F7FD95EC88} = {587831A7-8DD8-4404-9BDC-F04B7CBF1F30}
	EndGlobalSection
	GlobalSection(ExtensibilityGlobals) = postSolution
		SolutionGuid = {660229D6-E1E9-47A5-AB64-F6977C60986D}
	EndGlobalSection
EndGlobal
