
Microsoft Visual Studio Solution File, Format Version 12.00
# Visual Studio 2012
Project("{FAE04EC0-301F-11D3-BF4B-00C04F79EFBC}") = "Comparers (NET40-Client)", "Comparers (NET40-Client)\Comparers (NET40-Client).csproj", "{E452E3C3-2193-49B3-8AF8-686DFF1EAA16}"
EndProject
Project("{FAE04EC0-301F-11D3-BF4B-00C04F79EFBC}") = "Comparers (NET40, Win80, SL40, WP70)", "Comparers (NET40, Win80, SL40, WP70)\Comparers (NET40, Win80, SL40, WP70).csproj", "{34EF1C49-24E6-4C12-92C1-473B399042A7}"
EndProject
Global
	GlobalSection(SolutionConfigurationPlatforms) = preSolution
		Debug|Any CPU = Debug|Any CPU
		Release|Any CPU = Release|Any CPU
	EndGlobalSection
	GlobalSection(ProjectConfigurationPlatforms) = postSolution
		{E452E3C3-2193-49B3-8AF8-686DFF1EAA16}.Debug|Any CPU.ActiveCfg = Debug|Any CPU
		{E452E3C3-2193-49B3-8AF8-686DFF1EAA16}.Debug|Any CPU.Build.0 = Debug|Any CPU
		{E452E3C3-2193-49B3-8AF8-686DFF1EAA16}.Release|Any CPU.ActiveCfg = Release|Any CPU
		{E452E3C3-2193-49B3-8AF8-686DFF1EAA16}.Release|Any CPU.Build.0 = Release|Any CPU
		{34EF1C49-24E6-4C12-92C1-473B399042A7}.Debug|Any CPU.ActiveCfg = Debug|Any CPU
		{34EF1C49-24E6-4C12-92C1-473B399042A7}.Debug|Any CPU.Build.0 = Debug|Any CPU
		{34EF1C49-24E6-4C12-92C1-473B399042A7}.Release|Any CPU.ActiveCfg = Release|Any CPU
		{34EF1C49-24E6-4C12-92C1-473B399042A7}.Release|Any CPU.Build.0 = Release|Any CPU
	EndGlobalSection
	GlobalSection(SolutionProperties) = preSolution
		HideSolutionNode = FALSE
	EndGlobalSection
EndGlobal
